
Microsoft Visual Studio Solution File, Format Version 12.00
# Visual Studio Version 16
VisualStudioVersion = 16.0.810.20
MinimumVisualStudioVersion = 10.0.40219.1
Project("{FAE04EC0-301F-11D3-BF4B-00C04F79EFBC}") = "suma.Android", "suma.Android\suma.Android.csproj", "{B07769E7-0810-4DD9-8740-44E124DF209E}"
EndProject
Project("{FAE04EC0-301F-11D3-BF4B-00C04F79EFBC}") = "suma.iOS", "suma.iOS\suma.iOS.csproj", "{992E5F29-97EB-4B9A-BFBF-227FD596E0F9}"
EndProject
Project("{FAE04EC0-301F-11D3-BF4B-00C04F79EFBC}") = "suma", "suma\suma.csproj", "{57E46965-6919-4906-8953-DAF633C05022}"
EndProject
Global
	GlobalSection(SolutionConfigurationPlatforms) = preSolution
		Debug|Any CPU = Debug|Any CPU
		Release|Any CPU = Release|Any CPU
		Debug|iPhoneSimulator = Debug|iPhoneSimulator
		Release|iPhoneSimulator = Release|iPhoneSimulator
		Debug|iPhone = Debug|iPhone
		Release|iPhone = Release|iPhone
	EndGlobalSection
	GlobalSection(ProjectConfigurationPlatforms) = postSolution
		{B07769E7-0810-4DD9-8740-44E124DF209E}.Debug|Any CPU.ActiveCfg = Debug|Any CPU
		{B07769E7-0810-4DD9-8740-44E124DF209E}.Debug|Any CPU.Build.0 = Debug|Any CPU
		{B07769E7-0810-4DD9-8740-44E124DF209E}.Release|Any CPU.ActiveCfg = Release|Any CPU
		{B07769E7-0810-4DD9-8740-44E124DF209E}.Release|Any CPU.Build.0 = Release|Any CPU
		{B07769E7-0810-4DD9-8740-44E124DF209E}.Debug|iPhoneSimulator.ActiveCfg = Debug|Any CPU
		{B07769E7-0810-4DD9-8740-44E124DF209E}.Debug|iPhoneSimulator.Build.0 = Debug|Any CPU
		{B07769E7-0810-4DD9-8740-44E124DF209E}.Release|iPhoneSimulator.ActiveCfg = Release|Any CPU
		{B07769E7-0810-4DD9-8740-44E124DF209E}.Release|iPhoneSimulator.Build.0 = Release|Any CPU
		{B07769E7-0810-4DD9-8740-44E124DF209E}.Debug|iPhone.ActiveCfg = Debug|Any CPU
		{B07769E7-0810-4DD9-8740-44E124DF209E}.Debug|iPhone.Build.0 = Debug|Any CPU
		{B07769E7-0810-4DD9-8740-44E124DF209E}.Release|iPhone.ActiveCfg = Release|Any CPU
		{B07769E7-0810-4DD9-8740-44E124DF209E}.Release|iPhone.Build.0 = Release|Any CPU
		{992E5F29-97EB-4B9A-BFBF-227FD596E0F9}.Debug|Any CPU.ActiveCfg = Debug|iPhoneSimulator
		{992E5F29-97EB-4B9A-BFBF-227FD596E0F9}.Debug|Any CPU.Build.0 = Debug|iPhoneSimulator
		{992E5F29-97EB-4B9A-BFBF-227FD596E0F9}.Release|Any CPU.ActiveCfg = Release|iPhoneSimulator
		{992E5F29-97EB-4B9A-BFBF-227FD596E0F9}.Release|Any CPU.Build.0 = Release|iPhoneSimulator
		{992E5F29-97EB-4B9A-BFBF-227FD596E0F9}.Debug|iPhoneSimulator.ActiveCfg = Debug|iPhoneSimulator
		{992E5F29-97EB-4B9A-BFBF-227FD596E0F9}.Debug|iPhoneSimulator.Build.0 = Debug|iPhoneSimulator
		{992E5F29-97EB-4B9A-BFBF-227FD596E0F9}.Release|iPhoneSimulator.ActiveCfg = Release|iPhoneSimulator
		{992E5F29-97EB-4B9A-BFBF-227FD596E0F9}.Release|iPhoneSimulator.Build.0 = Release|iPhoneSimulator
		{992E5F29-97EB-4B9A-BFBF-227FD596E0F9}.Debug|iPhone.ActiveCfg = Debug|iPhone
		{992E5F29-97EB-4B9A-BFBF-227FD596E0F9}.Debug|iPhone.Build.0 = Debug|iPhone
		{992E5F29-97EB-4B9A-BFBF-227FD596E0F9}.Release|iPhone.ActiveCfg = Release|iPhone
		{992E5F29-97EB-4B9A-BFBF-227FD596E0F9}.Release|iPhone.Build.0 = Release|iPhone
		{57E46965-6919-4906-8953-DAF633C05022}.Debug|Any CPU.ActiveCfg = Debug|Any CPU
		{57E46965-6919-4906-8953-DAF633C05022}.Debug|Any CPU.Build.0 = Debug|Any CPU
		{57E46965-6919-4906-8953-DAF633C05022}.Release|Any CPU.ActiveCfg = Release|Any CPU
		{57E46965-6919-4906-8953-DAF633C05022}.Release|Any CPU.Build.0 = Release|Any CPU
		{57E46965-6919-4906-8953-DAF633C05022}.Debug|iPhoneSimulator.ActiveCfg = Debug|Any CPU
		{57E46965-6919-4906-8953-DAF633C05022}.Debug|iPhoneSimulator.Build.0 = Debug|Any CPU
		{57E46965-6919-4906-8953-DAF633C05022}.Release|iPhoneSimulator.ActiveCfg = Release|Any CPU
		{57E46965-6919-4906-8953-DAF633C05022}.Release|iPhoneSimulator.Build.0 = Release|Any CPU
		{57E46965-6919-4906-8953-DAF633C05022}.Debug|iPhone.ActiveCfg = Debug|Any CPU
		{57E46965-6919-4906-8953-DAF633C05022}.Debug|iPhone.Build.0 = Debug|Any CPU
		{57E46965-6919-4906-8953-DAF633C05022}.Release|iPhone.ActiveCfg = Release|Any CPU
		{57E46965-6919-4906-8953-DAF633C05022}.Release|iPhone.Build.0 = Release|Any CPU
	EndGlobalSection
	GlobalSection(SolutionProperties) = preSolution
		HideSolutionNode = FALSE
	EndGlobalSection
	GlobalSection(ExtensibilityGlobals) = postSolution
		SolutionGuid = {3B410B1D-7107-4E99-AF67-9D91D7AEE833}
	EndGlobalSection
EndGlobal
